
Microsoft Visual Studio Solution File, Format Version 12.00
# Visual Studio 15
VisualStudioVersion = 15.0.28010.2048
MinimumVisualStudioVersion = 10.0.40219.1
Project("{FAE04EC0-301F-11D3-BF4B-00C04F79EFBC}") = "Estampate2", "Estampate2\Estampate2.csproj", "{25BE75F9-41AE-40C8-A447-05FA1EDEABE6}"
EndProject
Global
	GlobalSection(SolutionConfigurationPlatforms) = preSolution
		Debug|Any CPU = Debug|Any CPU
		Release|Any CPU = Release|Any CPU
	EndGlobalSection
	GlobalSection(ProjectConfigurationPlatforms) = postSolution
		{25BE75F9-41AE-40C8-A447-05FA1EDEABE6}.Debug|Any CPU.ActiveCfg = Debug|Any CPU
		{25BE75F9-41AE-40C8-A447-05FA1EDEABE6}.Debug|Any CPU.Build.0 = Debug|Any CPU
		{25BE75F9-41AE-40C8-A447-05FA1EDEABE6}.Release|Any CPU.ActiveCfg = Release|Any CPU
		{25BE75F9-41AE-40C8-A447-05FA1EDEABE6}.Release|Any CPU.Build.0 = Release|Any CPU
	EndGlobalSection
	GlobalSection(SolutionProperties) = preSolution
		HideSolutionNode = FALSE
	EndGlobalSection
	GlobalSection(ExtensibilityGlobals) = postSolution
		SolutionGuid = {389EF72C-2583-46AF-B8DB-965F4B79D174}
	EndGlobalSection
EndGlobal
